{
  "name": "eip681",
  "version": "1.0.0",
  "lockfileVersion": 1,
  "requires": true,
  "dependencies": {
    "bignumber.js": {
      "version": "7.2.1",
      "resolved": "https://registry.npmjs.org/bignumber.js/-/bignumber.js-7.2.1.tgz",
      "integrity": "sha512-S4XzBk5sMB+Rcb/LNcpzXr57VRTxgAvaAEDAl1AwRx27j00hT84O6OkteE7u8UB3NuaaygCRrEpqox4uDOrbdQ=="
    },
    "eth-url-parser": {
      "version": "1.0.2",
      "resolved": "https://registry.npmjs.org/eth-url-parser/-/eth-url-parser-1.0.2.tgz",
      "integrity": "sha512-fHOD8Jop9Bqx7H9BFO8QDYlj9QAnCRN13ttvtHRWv5/+lNzogal1PCn3LTrEjqEvBha2Zr+MAyM3qP6BEuwqog==",
      "requires": {
        "bignumber.js": "7.2.1",
        "qs": "6.5.2"
      }
    },
    "qs": {
      "version": "6.5.2",
      "resolved": "https://registry.npmjs.org/qs/-/qs-6.5.2.tgz",
      "integrity": "sha512-N5ZAX4/LxJmF+7wN74pUD6qAh9/wnvdQcjq9TZjevvXzSUo7bfmw91saqMjzGS2xq91/odN2dW/WOl7qQHNDGA=="
    }
  }
}
